// !$*UTF8*$!
{
	archiveVersion = 1;
	classes = {
	};
	objectVersion = 50;
	objects = {

/* Begin PBXBuildFile section */
		6A3513E32440383900C873DF /* AppDelegate.swift in Sources */ = {isa = PBXBuildFile; fileRef = 6A3513E22440383900C873DF /* AppDelegate.swift */; };
		6A3513E52440383900C873DF /* SceneDelegate.swift in Sources */ = {isa = PBXBuildFile; fileRef = 6A3513E42440383900C873DF /* SceneDelegate.swift */; };
		6A3513E72440383900C873DF /* ViewController.swift in Sources */ = {isa = PBXBuildFile; fileRef = 6A3513E62440383900C873DF /* ViewController.swift */; };
		6A3513EA2440383900C873DF /* Main.storyboard in Resources */ = {isa = PBXBuildFile; fileRef = 6A3513E82440383900C873DF /* Main.storyboard */; };
		6A3513EC2440383A00C873DF /* Assets.xcassets in Resources */ = {isa = PBXBuildFile; fileRef = 6A3513EB2440383A00C873DF /* Assets.xcassets */; };
		6A3513EF2440383A00C873DF /* LaunchScreen.storyboard in Resources */ = {isa = PBXBuildFile; fileRef = 6A3513ED2440383A00C873DF /* LaunchScreen.storyboard */; };
		6A3513F824403F9200C873DF /* WebKit.framework in Frameworks */ = {isa = PBXBuildFile; fileRef = 6A3513F724403F9200C873DF /* WebKit.framework */; };
/* End PBXBuildFile section */

/* Begin PBXFileReference section */
		6A3513DF2440383900C873DF /* sampleWebview.app */ = {isa = PBXFileReference; explicitFileType = wrapper.application; includeInIndex = 0; path = sampleWebview.app; sourceTree = BUILT_PRODUCTS_DIR; };
		6A3513E22440383900C873DF /* AppDelegate.swift */ = {isa = PBXFileReference; lastKnownFileType = sourcecode.swift; path = AppDelegate.swift; sourceTree = "<group>"; };
		6A3513E42440383900C873DF /* SceneDelegate.swift */ = {isa = PBXFileReference; lastKnownFileType = sourcecode.swift; path = SceneDelegate.swift; sourceTree = "<group>"; };
		6A3513E62440383900C873DF /* ViewController.swift */ = {isa = PBXFileReference; lastKnownFileType = sourcecode.swift; path = ViewController.swift; sourceTree = "<group>"; };
		6A3513E92440383900C873DF /* Base */ = {isa = PBXFileReference; lastKnownFileType = file.storyboard; name = Base; path = Base.lproj/Main.storyboard; sourceTree = "<group>"; };
		6A3513EB2440383A00C873DF /* Assets.xcassets */ = {isa = PBXFileReference; lastKnownFileType = folder.assetcatalog; path = Assets.xcassets; sourceTree = "<group>"; };
		6A3513EE2440383A00C873DF /* Base */ = {isa = PBXFileReference; lastKnownFileType = file.storyboard; name = Base; path = Base.lproj/LaunchScreen.storyboard; sourceTree = "<group>"; };
		6A3513F02440383A00C873DF /* Info.plist */ = {isa = PBXFileReference; lastKnownFileType = text.plist.xml; path = Info.plist; sourceTree = "<group>"; };
		6A3513F724403F9200C873DF /* WebKit.framework */ = {isa = PBXFileReference; lastKnownFileType = wrapper.framework; name = WebKit.framework; path = System/Library/Frameworks/WebKit.framework; sourceTree = SDKROOT; };
/* End PBXFileReference section */

/* Begin PBXFrameworksBuildPhase section */
		6A3513DC2440383900C873DF /* Frameworks */ = {
			isa = PBXFrameworksBuildPhase;
			buildActionMask = 2147483647;
			files = (
				6A3513F824403F9200C873DF /* WebKit.framework in Frameworks */,
			);
			runOnlyForDeploymentPostprocessing = 0;
		};
/* End PBXFrameworksBuildPhase section */

/* Begin PBXGroup section */
		6A3513D62440383900C873DF = {
			isa = PBXGroup;
			children = (
				6A3513E12440383900C873DF /* sampleWebview */,
				6A3513E02440383900C873DF /* Products */,
				6A3513F624403F9100C873DF /* Frameworks */,
			);
			sourceTree = "<group>";
		};
		6A3513E02440383900C873DF /* Products */ = {
			isa = PBXGroup;
			children = (
				6A3513DF2440383900C873DF /* sampleWebview.app */,
			);
			name = Products;
			sourceTree = "<group>";
		};
		6A3513E12440383900C873DF /* sampleWebview */ = {
			isa = PBXGroup;
			children = (
				6A3513E22440383900C873DF /* AppDelegate.swift */,
				6A3513E42440383900C873DF /* SceneDelegate.swift */,
				6A3513E62440383900C873DF /* ViewController.swift */,
				6A3513E82440383900C873DF /* Main.storyboard */,
				6A3513EB2440383A00C873DF /* Assets.xcassets */,
				6A3513ED2440383A00C873DF /* LaunchScreen.storyboard */,
				6A3513F02440383A00C873DF /* Info.plist */,
			);
			path = sampleWebview;
			sourceTree = "<group>";
		};
		6A3513F624403F9100C873DF /* Frameworks */ = {
			isa = PBXGroup;
			children = (
				6A3513F724403F9200C873DF /* WebKit.framework */,
			);
			name = Frameworks;
			sourceTree = "<group>";
		};
/* End PBXGroup section */

/* Begin PBXNativeTarget section */
		6A3513DE2440383900C873DF /* sampleWebview */ = {
			isa = PBXNativeTarget;
			buildConfigurationList = 6A3513F32440383A00C873DF /* Build configuration list for PBXNativeTarget "sampleWebview" */;
			buildPhases = (
				6A3513DB2440383900C873DF /* Sources */,
				6A3513DC2440383900C873DF /* Frameworks */,
				6A3513DD2440383900C873DF /* Resources */,
			);
			buildRules = (
			);
			dependencies = (
			);
			name = sampleWebview;
			productName = sampleWebview;
			productReference = 6A3513DF2440383900C873DF /* sampleWebview.app */;
			productType = "com.apple.product-type.application";
		};
/* End PBXNativeTarget section */

/* Begin PBXProject section */
		6A3513D72440383900C873DF /* Project object */ = {
			isa = PBXProject;
			attributes = {
				LastSwiftUpdateCheck = 1140;
				LastUpgradeCheck = 1140;
				ORGANIZATIONNAME = "이성대";
				TargetAttributes = {
					6A3513DE2440383900C873DF = {
						CreatedOnToolsVersion = 11.4;
					};
				};
			};
			buildConfigurationList = 6A3513DA2440383900C873DF /* Build configuration list for PBXProject "sampleWebview" */;
			compatibilityVersion = "Xcode 9.3";
			developmentRegion = en;
			hasScannedForEncodings = 0;
			knownRegions = (
				en,
				Base,
			);
			mainGroup = 6A3513D62440383900C873DF;
			productRefGroup = 6A3513E02440383900C873DF /* Products */;
			projectDirPath = "";
			projectRoot = "";
			targets = (
				6A3513DE2440383900C873DF /* sampleWebview */,
			);
		};
/* End PBXProject section */

/* Begin PBXResourcesBuildPhase section */
		6A3513DD2440383900C873DF /* Resources */ = {
			isa = PBXResourcesBuildPhase;
			buildActionMask = 2147483647;
			files = (
				6A3513EF2440383A00C873DF /* LaunchScreen.storyboard in Resources */,
				6A3513EC2440383A00C873DF /* Assets.xcassets in Resources */,
				6A3513EA2440383900C873DF /* Main.storyboard in Resources */,
			);
			runOnlyForDeploymentPostprocessing = 0;
		};
/* End PBXResourcesBuildPhase section */

/* Begin PBXSourcesBuildPhase section */
		6A3513DB2440383900C873DF /* Sources */ = {
			isa = PBXSourcesBuildPhase;
			buildActionMask = 2147483647;
			files = (
				6A3513E72440383900C873DF /* ViewController.swift in Sources */,
				6A3513E32440383900C873DF /* AppDelegate.swift in Sources */,
				6A3513E52440383900C873DF /* SceneDelegate.swift in Sources */,
			);
			runOnlyForDeploymentPostprocessing = 0;
		};
/* End PBXSourcesBuildPhase section */

/* Begin PBXVariantGroup section */
		6A3513E82440383900C873DF /* Main.storyboard */ = {
			isa = PBXVariantGroup;
			children = (
				6A3513E92440383900C873DF /* Base */,
			);
			name = Main.storyboard;
			sourceTree = "<group>";
		};
		6A3513ED2440383A00C873DF /* LaunchScreen.storyboard */ = {
			isa = PBXVariantGroup;
			children = (
				6A3513EE2440383A00C873DF /* Base */,
			);
			name = LaunchScreen.storyboard;
			sourceTree = "<group>";
		};
/* End PBXVariantGroup section */

/* Begin XCBuildConfiguration section */
		6A3513F12440383A00C873DF /* Debug */ = {
			isa = XCBuildConfiguration;
			buildSettings = {
				ALWAYS_SEARCH_USER_PATHS = NO;
				CLANG_ANALYZER_NONNULL = YES;
				CLANG_ANALYZER_NUMBER_OBJECT_CONVERSION = YES_AGGRESSIVE;
				CLANG_CXX_LANGUAGE_STANDARD = "gnu++14";
				CLANG_CXX_LIBRARY = "libc++";
				CLANG_ENABLE_MODULES = YES;
				CLANG_ENABLE_OBJC_ARC = YES;
				CLANG_ENABLE_OBJC_WEAK = YES;
				CLANG_WARN_BLOCK_CAPTURE_AUTORELEASING = YES;
				CLANG_WARN_BOOL_CONVERSION = YES;
				CLANG_WARN_COMMA = YES;
				CLANG_WARN_CONSTANT_CONVERSION = YES;
				CLANG_WARN_DEPRECATED_OBJC_IMPLEMENTATIONS = YES;
				CLANG_WARN_DIRECT_OBJC_ISA_USAGE = YES_ERROR;
				CLANG_WARN_DOCUMENTATION_COMMENTS = YES;
				CLANG_WARN_EMPTY_BODY = YES;
				CLANG_WARN_ENUM_CONVERSION = YES;
				CLANG_WARN_INFINITE_RECURSION = YES;
				CLANG_WARN_INT_CONVERSION = YES;
				CLANG_WARN_NON_LITERAL_NULL_CONVERSION = YES;
				CLANG_WARN_OBJC_IMPLICIT_RETAIN_SELF = YES;
				CLANG_WARN_OBJC_LITERAL_CONVERSION = YES;
				CLANG_WARN_OBJC_ROOT_CLASS = YES_ERROR;
				CLANG_WARN_RANGE_LOOP_ANALYSIS = YES;
				CLANG_WARN_STRICT_PROTOTYPES = YES;
				CLANG_WARN_SUSPICIOUS_MOVE = YES;
				CLANG_WARN_UNGUARDED_AVAILABILITY = YES_AGGRESSIVE;
				CLANG_WARN_UNREACHABLE_CODE = YES;
				CLANG_WARN__DUPLICATE_METHOD_MATCH = YES;
				COPY_PHASE_STRIP = NO;
				DEBUG_INFORMATION_FORMAT = dwarf;
				ENABLE_STRICT_OBJC_MSGSEND = YES;
				ENABLE_TESTABILITY = YES;
				GCC_C_LANGUAGE_STANDARD = gnu11;
				GCC_DYNAMIC_NO_PIC = NO;
				GCC_NO_COMMON_BLOCKS = YES;
				GCC_OPTIMIZATION_LEVEL = 0;
				GCC_PREPROCESSOR_DEFINITIONS = (
					"DEBUG=1",
					"$(inherited)",
				);
				GCC_WARN_64_TO_32_BIT_CONVERSION = YES;
				GCC_WARN_ABOUT_RETURN_TYPE = YES_ERROR;
				GCC_WARN_UNDECLARED_SELECTOR = YES;
				GCC_WARN_UNINITIALIZED_AUTOS = YES_AGGRESSIVE;
				GCC_WARN_UNUSED_FUNCTION = YES;
				GCC_WARN_UNUSED_VARIABLE = YES;
				IPHONEOS_DEPLOYMENT_TARGET = 13.4;
				MTL_ENABLE_DEBUG_INFO = INCLUDE_SOURCE;
				MTL_FAST_MATH = YES;
				ONLY_ACTIVE_ARCH = YES;
				SDKROOT = iphoneos;
				SWIFT_ACTIVE_COMPILATION_CONDITIONS = DEBUG;
				SWIFT_OPTIMIZATION_LEVEL = "-Onone";
			};
			name = Debug;
		};
		6A3513F22440383A00C873DF /* Release */ = {
			isa = XCBuildConfiguration;
			buildSettings = {
				ALWAYS_SEARCH_USER_PATHS = NO;
				CLANG_ANALYZER_NONNULL = YES;
				CLANG_ANALYZER_NUMBER_OBJECT_CONVERSION = YES_AGGRESSIVE;
				CLANG_CXX_LANGUAGE_STANDARD = "gnu++14";
				CLANG_CXX_LIBRARY = "libc++";
				CLANG_ENABLE_MODULES = YES;
				CLANG_ENABLE_OBJC_ARC = YES;
				CLANG_ENABLE_OBJC_WEAK = YES;
				CLANG_WARN_BLOCK_CAPTURE_AUTORELEASING = YES;
				CLANG_WARN_BOOL_CONVERSION = YES;
				CLANG_WARN_COMMA = YES;
				CLANG_WARN_CONSTANT_CONVERSION = YES;
				CLANG_WARN_DEPRECATED_OBJC_IMPLEMENTATIONS = YES;
				CLANG_WARN_DIRECT_OBJC_ISA_USAGE = YES_ERROR;
				CLANG_WARN_DOCUMENTATION_COMMENTS = YES;
				CLANG_WARN_EMPTY_BODY = YES;
				CLANG_WARN_ENUM_CONVERSION = YES;
				CLANG_WARN_INFINITE_RECURSION = YES;
				CLANG_WARN_INT_CONVERSION = YES;
				CLANG_WARN_NON_LITERAL_NULL_CONVERSION = YES;
				CLANG_WARN_OBJC_IMPLICIT_RETAIN_SELF = YES;
				CLANG_WARN_OBJC_LITERAL_CONVERSION = YES;
				CLANG_WARN_OBJC_ROOT_CLASS = YES_ERROR;
				CLANG_WARN_RANGE_LOOP_ANALYSIS = YES;
				CLANG_WARN_STRICT_PROTOTYPES = YES;
				CLANG_WARN_SUSPICIOUS_MOVE = YES;
				CLANG_WARN_UNGUARDED_AVAILABILITY = YES_AGGRESSIVE;
				CLANG_WARN_UNREACHABLE_CODE = YES;
				CLANG_WARN__DUPLICATE_METHOD_MATCH = YES;
				COPY_PHASE_STRIP = NO;
				DEBUG_INFORMATION_FORMAT = "dwarf-with-dsym";
				ENABLE_NS_ASSERTIONS = NO;
				ENABLE_STRICT_OBJC_MSGSEND = YES;
				GCC_C_LANGUAGE_STANDARD = gnu11;
				GCC_NO_COMMON_BLOCKS = YES;
				GCC_WARN_64_TO_32_BIT_CONVERSION = YES;
				GCC_WARN_ABOUT_RETURN_TYPE = YES_ERROR;
				GCC_WARN_UNDECLARED_SELECTOR = YES;
				GCC_WARN_UNINITIALIZED_AUTOS = YES_AGGRESSIVE;
				GCC_WARN_UNUSED_FUNCTION = YES;
				GCC_WARN_UNUSED_VARIABLE = YES;
				IPHONEOS_DEPLOYMENT_TARGET = 13.4;
				MTL_ENABLE_DEBUG_INFO = NO;
				MTL_FAST_MATH = YES;
				SDKROOT = iphoneos;
				SWIFT_COMPILATION_MODE = wholemodule;
				SWIFT_OPTIMIZATION_LEVEL = "-O";
				VALIDATE_PRODUCT = YES;
			};
			name = Release;
		};
		6A3513F42440383A00C873DF /* Debug */ = {
			isa = XCBuildConfiguration;
			buildSettings = {
				ASSETCATALOG_COMPILER_APPICON_NAME = AppIcon;
				CODE_SIGN_STYLE = Automatic;
				DEVELOPMENT_TEAM = 96ZCAX586X;
				INFOPLIST_FILE = sampleWebview/Info.plist;
				LD_RUNPATH_SEARCH_PATHS = (
					"$(inherited)",
					"@executable_path/Frameworks",
				);
				PRODUCT_BUNDLE_IDENTIFIER = com.sampleWebview;
				PRODUCT_NAME = "$(TARGET_NAME)";
				SWIFT_VERSION = 5.0;
				TARGETED_DEVICE_FAMILY = "1,2";
			};
			name = Debug;
		};
		6A3513F52440383A00C873DF /* Release */ = {
			isa = XCBuildConfiguration;
			buildSettings = {
				ASSETCATALOG_COMPILER_APPICON_NAME = AppIcon;
				CODE_SIGN_STYLE = Automatic;
				DEVELOPMENT_TEAM = 96ZCAX586X;
				INFOPLIST_FILE = sampleWebview/Info.plist;
				LD_RUNPATH_SEARCH_PATHS = (
					"$(inherited)",
					"@executable_path/Frameworks",
				);
				PRODUCT_BUNDLE_IDENTIFIER = com.sampleWebview;
				PRODUCT_NAME = "$(TARGET_NAME)";
				SWIFT_VERSION = 5.0;
				TARGETED_DEVICE_FAMILY = "1,2";
			};
			name = Release;
		};
/* End XCBuildConfiguration section */

/* Begin XCConfigurationList section */
		6A3513DA2440383900C873DF /* Build configuration list for PBXProject "sampleWebview" */ = {
			isa = XCConfigurationList;
			buildConfigurations = (
				6A3513F12440383A00C873DF /* Debug */,
				6A3513F22440383A00C873DF /* Release */,
			);
			defaultConfigurationIsVisible = 0;
			defaultConfigurationName = Release;
		};
		6A3513F32440383A00C873DF /* Build configuration list for PBXNativeTarget "sampleWebview" */ = {
			isa = XCConfigurationList;
			buildConfigurations = (
				6A3513F42440383A00C873DF /* Debug */,
				6A3513F52440383A00C873DF /* Release */,
			);
			defaultConfigurationIsVisible = 0;
			defaultConfigurationName = Release;
		};
/* End XCConfigurationList section */
	};
	rootObject = 6A3513D72440383900C873DF /* Project object */;
}
